# This file is autogenerated, do not edit; changes may be undone by the next 'dep ensure'.


[[projects]]
  digest = "1:318b43c2cd6abd5b02b1c0823ce51399e737551f1343e3dd0040c249582ef142"
  name = "github.com/asdine/storm"
  packages = [
    ".",
    "codec",
    "codec/json",
    "codec/msgpack",
    "index",
    "internal",
    "q",
  ]
  pruneopts = "UT"
  revision = "5a6fe65e3993f63951c8e3f64c812536c9e23595"
  version = "v2.1.2"

[[projects]]
  digest = "1:97df918963298c287643883209a2c3f642e6593379f97ab400c2a2e219ab647d"
  name = "github.com/golang/protobuf"
  packages = ["proto"]
  pruneopts = "UT"
  revision = "aa810b61a9c79d51363740d207bb46cf8e620ed5"
  version = "v1.2.0"

[[projects]]
  digest = "1:870d441fe217b8e689d7949fef6e43efbc787e50f200cb1e70dbca9204a1d6be"
  name = "github.com/inconshreveable/mousetrap"
  packages = ["."]
  pruneopts = "UT"
  revision = "76626ae9c91c4f2a10f34cad8ce83ea42c93bb75"
  version = "v1.0"

[[projects]]
  digest = "1:0a69a1c0db3591fcefb47f115b224592c8dfa4368b7ba9fae509d5e16cdc95c8"
  name = "github.com/konsorten/go-windows-terminal-sequences"
  packages = ["."]
  pruneopts = "UT"
  revision = "5c8c8bd35d3832f5d134ae1e1e375b69a4d25242"
  version = "v1.0.1"

[[projects]]
  digest = "1:78bbb1ba5b7c3f2ed0ea1eab57bdd3859aec7e177811563edc41198a760b06af"
  name = "github.com/mitchellh/go-homedir"
  packages = ["."]
  pruneopts = "UT"
  revision = "ae18d6b8b3205b561c79e8e5f69bff09736185f4"
  version = "v1.0.0"

[[projects]]
  digest = "1:69b1cc331fca23d702bd72f860c6a647afd0aa9fcbc1d0659b1365e26546dd70"
  name = "github.com/sirupsen/logrus"
  packages = ["."]
  pruneopts = "UT"
  revision = "bcd833dfe83d3cebad139e4a29ed79cb2318bf95"
  version = "v1.2.0"

[[projects]]
  digest = "1:645cabccbb4fa8aab25a956cbcbdf6a6845ca736b2c64e197ca7cbb9d210b939"
  name = "github.com/spf13/cobra"
  packages = ["."]
  pruneopts = "UT"
  revision = "ef82de70bb3f60c65fb8eebacbb2d122ef517385"
  version = "v0.0.3"

[[projects]]
  digest = "1:c1b1102241e7f645bc8e0c22ae352e8f0dc6484b6cb4d132fa9f24174e0119e2"
  name = "github.com/spf13/pflag"
  packages = ["."]
  pruneopts = "UT"
  revision = "298182f68c66c05229eb03ac171abe6e309ee79a"
  version = "v1.0.3"

[[projects]]
  digest = "1:b77a6808d2479a400579eb8d3bf18bd5c884fa8f038f3a1ce77a47c15bb17e2c"
  name = "github.com/vmihailenco/msgpack"
  packages = [
    ".",
    "codes",
  ]
  pruneopts = "UT"
  revision = "c4fc0fcdd500af473157759b6d73f935e727ec77"
  version = "v4.0.1"

[[projects]]
  digest = "1:c28625428387b63dd7154eb857f51e700465cfbf7c06f619e71f2da33cefe47e"
  name = "go.etcd.io/bbolt"
  packages = ["."]
  pruneopts = "UT"
  revision = "583e8937c61f1af6513608ccc75c97b6abdf4ff9"
  version = "v1.3.0"

[[projects]]
  branch = "master"
  digest = "1:38f553aff0273ad6f367cb0a0f8b6eecbaef8dc6cb8b50e57b6a81c1d5b1e332"
  name = "golang.org/x/crypto"
  packages = ["ssh/terminal"]
  pruneopts = "UT"
  revision = "505ab145d0a99da450461ae2c1a9f6cd10d1f447"

[[projects]]
  branch = "master"
  digest = "1:76ee51c3f468493aff39dbacc401e8831fbb765104cbf613b89bef01cf4bad70"
  name = "golang.org/x/net"
  packages = ["context"]
  pruneopts = "UT"
  revision = "e147a9138326bc0e9d4e179541ffd8af41cff8a9"

[[projects]]
  branch = "master"
  digest = "1:ba8cbf57cfd92d5f8592b4aca1a35d92c162363d32aeabd5b12555f8896635e7"
  name = "golang.org/x/sys"
  packages = [
    "unix",
    "windows",
  ]
  pruneopts = "UT"
  revision = "dcdaa6325bcb8d3c07805583fe12153f08a41e2b"

[[projects]]
  digest = "1:12398479544afc106c52628ec45900189ab8cbffd4f90afde4c28679d71fc3b9"
  name = "golang.org/x/text"
  packages = [
    "internal/gen",
    "internal/triegen",
    "internal/ucd",
    "runes",
    "transform",
    "unicode/cldr",
    "unicode/norm",
  ]
  pruneopts = "UT"
  revision = "f21a4dfb5e38f5895301dc265a8def02365cc3d0"
  version = "v0.3.0"

[[projects]]
  digest = "1:7ee462ecfb8793686a33b2d09f0c738d8773680bb6ea228123a0edd3b21b1011"
  name = "google.golang.org/appengine"
  packages = [
    ".",
    "datastore",
    "internal",
    "internal/app_identity",
    "internal/base",
    "internal/datastore",
    "internal/log",
    "internal/modules",
    "internal/remote_api",
  ]
  pruneopts = "UT"
  revision = "4a4468ece617fc8205e99368fa2200e9d1fad421"
  version = "v1.3.0"

[solve-meta]
  analyzer-name = "dep"
  analyzer-version = 1
  input-imports = [
    "github.com/asdine/storm",
    "github.com/asdine/storm/codec/msgpack",
    "github.com/mitchellh/go-homedir",
    "github.com/sirupsen/logrus",
    "github.com/spf13/cobra",
    "golang.org/x/text/runes",
    "golang.org/x/text/transform",
    "golang.org/x/text/unicode/norm",
  ]
  solver-name = "gps-cdcl"
  solver-version = 1
